
Microsoft Visual Studio Solution File, Format Version 12.00
# Visual Studio 15
VisualStudioVersion = 15.0.28307.645
MinimumVisualStudioVersion = 10.0.40219.1
Project("{FAE04EC0-301F-11D3-BF4B-00C04F79EFBC}") = "ExecutePython", "ExecutePython\ExecutePython.csproj", "{E0C8DDF9-891E-4943-BF91-6E0B09A55FE7}"
EndProject
Global
	GlobalSection(SolutionConfigurationPlatforms) = preSolution
		Debug|Any CPU = Debug|Any CPU
		Release|Any CPU = Release|Any CPU
	EndGlobalSection
	GlobalSection(ProjectConfigurationPlatforms) = postSolution
		{E0C8DDF9-891E-4943-BF91-6E0B09A55FE7}.Debug|Any CPU.ActiveCfg = Debug|Any CPU
		{E0C8DDF9-891E-4943-BF91-6E0B09A55FE7}.Debug|Any CPU.Build.0 = Debug|Any CPU
		{E0C8DDF9-891E-4943-BF91-6E0B09A55FE7}.Release|Any CPU.ActiveCfg = Release|Any CPU
		{E0C8DDF9-891E-4943-BF91-6E0B09A55FE7}.Release|Any CPU.Build.0 = Release|Any CPU
	EndGlobalSection
	GlobalSection(SolutionProperties) = preSolution
		HideSolutionNode = FALSE
	EndGlobalSection
	GlobalSection(ExtensibilityGlobals) = postSolution
		SolutionGuid = {1C0B36F7-568B-4EB2-ACFC-F8AA31ABA9C8}
	EndGlobalSection
EndGlobal
